// !$*UTF8*$!
{
	archiveVersion = 1;
	classes = {
	};
	objectVersion = 52;
	objects = {

/* Begin PBXBuildFile section */
		84094EF824EACC3C0028BBDF /* SessionView.swift in Sources */ = {isa = PBXBuildFile; fileRef = 84094EF724EACC3C0028BBDF /* SessionView.swift */; };
		84094EFA24EACC4E0028BBDF /* SessionViewModel.swift in Sources */ = {isa = PBXBuildFile; fileRef = 84094EF924EACC4E0028BBDF /* SessionViewModel.swift */; };
		841C331824F4F24000F99B93 /* Result+Convenience.swift in Sources */ = {isa = PBXBuildFile; fileRef = 841C331724F4F24000F99B93 /* Result+Convenience.swift */; };
		841C331A24F53AD300F99B93 /* UINotifications.swift in Sources */ = {isa = PBXBuildFile; fileRef = 841C331924F53AD300F99B93 /* UINotifications.swift */; };
		841C331D24F53E9200F99B93 /* SwiftEntryKit in Frameworks */ = {isa = PBXBuildFile; productRef = 841C331C24F53E9200F99B93 /* SwiftEntryKit */; };
		841CBBF424F3DC39003E2A60 /* CurrentSessionService.swift in Sources */ = {isa = PBXBuildFile; fileRef = 841CBBF324F3DC39003E2A60 /* CurrentSessionService.swift */; };
		843F7EF124F10477002AA5F8 /* BleId.swift in Sources */ = {isa = PBXBuildFile; fileRef = 843F7EF024F10477002AA5F8 /* BleId.swift */; };
		843F7EF324F10582002AA5F8 /* P2pService.swift in Sources */ = {isa = PBXBuildFile; fileRef = 843F7EF224F10582002AA5F8 /* P2pService.swift */; };
		8466613B24B3794400E5FBF9 /* libcore in Frameworks */ = {isa = PBXBuildFile; fileRef = 8466613A24B3794400E5FBF9 /* libcore */; };
		8487FA3024EE77CE003FDB0C /* KeyChain.swift in Sources */ = {isa = PBXBuildFile; fileRef = 8487FA2F24EE77CE003FDB0C /* KeyChain.swift */; };
		8487FA3324EE7B98003FDB0C /* Valet in Frameworks */ = {isa = PBXBuildFile; productRef = 8487FA3224EE7B98003FDB0C /* Valet */; };
		8489BAE424EAD4A8006D1CD3 /* Core.swift in Sources */ = {isa = PBXBuildFile; fileRef = 8489BAE324EAD4A8006D1CD3 /* Core.swift */; };
		8489BAE724EAF439006D1CD3 /* ServicesError.swift in Sources */ = {isa = PBXBuildFile; fileRef = 8489BAE624EAF439006D1CD3 /* ServicesError.swift */; };
		8489BAE924EAF453006D1CD3 /* Session.swift in Sources */ = {isa = PBXBuildFile; fileRef = 8489BAE824EAF453006D1CD3 /* Session.swift */; };
		8489BAEE24EB1761006D1CD3 /* matchApp.swift in Sources */ = {isa = PBXBuildFile; fileRef = 8489BAED24EB1761006D1CD3 /* matchApp.swift */; };
		848D5F4A24CCA4FF00F2D80B /* NotificationService.swift in Sources */ = {isa = PBXBuildFile; fileRef = 848D5F4924CCA4FF00F2D80B /* NotificationService.swift */; };
		848D5F4E24CCA7AF00F2D80B /* AppBadgeUpdater.swift in Sources */ = {isa = PBXBuildFile; fileRef = 848D5F4C24CCA7AF00F2D80B /* AppBadgeUpdater.swift */; };
		848D5F4F24CCA7AF00F2D80B /* NotificationsDelegate.swift in Sources */ = {isa = PBXBuildFile; fileRef = 848D5F4D24CCA7AF00F2D80B /* NotificationsDelegate.swift */; };
		848D5F5124CCA8E900F2D80B /* PeerDistanceNotificationService.swift in Sources */ = {isa = PBXBuildFile; fileRef = 848D5F5024CCA8E800F2D80B /* PeerDistanceNotificationService.swift */; };
		848D5F5324CCCADE00F2D80B /* NotificationsPermission.swift in Sources */ = {isa = PBXBuildFile; fileRef = 848D5F5224CCCADE00F2D80B /* NotificationsPermission.swift */; };
		8490C24C24F7FD53002FAFE9 /* NumberFormatters.swift in Sources */ = {isa = PBXBuildFile; fileRef = 8490C24B24F7FD53002FAFE9 /* NumberFormatters.swift */; };
		84993A1824B5C0730044AA27 /* Preferences.swift in Sources */ = {isa = PBXBuildFile; fileRef = 84993A1724B5C0730044AA27 /* Preferences.swift */; };
		84993A1B24B5C1340044AA27 /* BleIdService.swift in Sources */ = {isa = PBXBuildFile; fileRef = 84993A1A24B5C1340044AA27 /* BleIdService.swift */; };
		849B612924EDB99400D321D1 /* SessionService.swift in Sources */ = {isa = PBXBuildFile; fileRef = 849B612824EDB99400D321D1 /* SessionService.swift */; };
		84B0672A22F9B3FF006DDC18 /* Assets.xcassets in Resources */ = {isa = PBXBuildFile; fileRef = 84B0672922F9B3FF006DDC18 /* Assets.xcassets */; };
		84B0672D22F9B3FF006DDC18 /* LaunchScreen.storyboard in Resources */ = {isa = PBXBuildFile; fileRef = 84B0672B22F9B3FF006DDC18 /* LaunchScreen.storyboard */; };
		84B0673822F9B400006DDC18 /* ios_appTests.swift in Sources */ = {isa = PBXBuildFile; fileRef = 84B0673722F9B400006DDC18 /* ios_appTests.swift */; };
		84B5370E24FA833D000B42C7 /* Sharer.swift in Sources */ = {isa = PBXBuildFile; fileRef = 84B5370D24FA833D000B42C7 /* Sharer.swift */; };
		84B5371124FAB453000B42C7 /* DeeplinkHandler.swift in Sources */ = {isa = PBXBuildFile; fileRef = 84B5371024FAB453000B42C7 /* DeeplinkHandler.swift */; };
		84B6DC7524FBA32F00AA7E6D /* Assets.xcassets in Resources */ = {isa = PBXBuildFile; fileRef = 84B6DC7424FBA32F00AA7E6D /* Assets.xcassets */; };
		84B6DC7C24FBA32F00AA7E6D /* ploc_watch Extension.appex in Embed App Extensions */ = {isa = PBXBuildFile; fileRef = 84B6DC7B24FBA32F00AA7E6D /* ploc_watch Extension.appex */; settings = {ATTRIBUTES = (RemoveHeadersOnCopy, ); }; };
		84B6DC8124FBA32F00AA7E6D /* ios_appApp.swift in Sources */ = {isa = PBXBuildFile; fileRef = 84B6DC8024FBA32F00AA7E6D /* ios_appApp.swift */; };
		84B6DC8324FBA32F00AA7E6D /* ContentView.swift in Sources */ = {isa = PBXBuildFile; fileRef = 84B6DC8224FBA32F00AA7E6D /* ContentView.swift */; };
		84B6DC8524FBA32F00AA7E6D /* NotificationController.swift in Sources */ = {isa = PBXBuildFile; fileRef = 84B6DC8424FBA32F00AA7E6D /* NotificationController.swift */; };
		84B6DC8724FBA32F00AA7E6D /* NotificationView.swift in Sources */ = {isa = PBXBuildFile; fileRef = 84B6DC8624FBA32F00AA7E6D /* NotificationView.swift */; };
		84B6DC8924FBA32F00AA7E6D /* ComplicationController.swift in Sources */ = {isa = PBXBuildFile; fileRef = 84B6DC8824FBA32F00AA7E6D /* ComplicationController.swift */; };
		84B6DC8B24FBA33000AA7E6D /* Assets.xcassets in Resources */ = {isa = PBXBuildFile; fileRef = 84B6DC8A24FBA33000AA7E6D /* Assets.xcassets */; };
		84B6DC8E24FBA33000AA7E6D /* Preview Assets.xcassets in Resources */ = {isa = PBXBuildFile; fileRef = 84B6DC8D24FBA33000AA7E6D /* Preview Assets.xcassets */; };
		84B6DC9324FBA33000AA7E6D /* ploc_watch.app in Embed Watch Content */ = {isa = PBXBuildFile; fileRef = 84B6DC7224FBA32E00AA7E6D /* ploc_watch.app */; settings = {ATTRIBUTES = (RemoveHeadersOnCopy, ); }; };
		84BB92E624F3A28C00CAB5A7 /* BleManager.swift in Sources */ = {isa = PBXBuildFile; fileRef = 84BB92E524F3A28C00CAB5A7 /* BleManager.swift */; };
		84BB92ED24F3D8E700CAB5A7 /* Clipboard.swift in Sources */ = {isa = PBXBuildFile; fileRef = 84BB92EC24F3D8E700CAB5A7 /* Clipboard.swift */; };
		84BE8E1224EFDAAD004CE510 /* Json.swift in Sources */ = {isa = PBXBuildFile; fileRef = 84BE8E1124EFDAAD004CE510 /* Json.swift */; };
		84BE8E1424F00E9F004CE510 /* Crypto.swift in Sources */ = {isa = PBXBuildFile; fileRef = 84BE8E1324F00E9F004CE510 /* Crypto.swift */; };
		84BEFEDA24F62E77006E4B61 /* HomeViewModel.swift in Sources */ = {isa = PBXBuildFile; fileRef = 84BEFED924F62E77006E4B61 /* HomeViewModel.swift */; };
		84BEFEDC24F62E7F006E4B61 /* HomeView.swift in Sources */ = {isa = PBXBuildFile; fileRef = 84BEFEDB24F62E7F006E4B61 /* HomeView.swift */; };
		84BEFEDE24F63B31006E4B61 /* MeetingCreatedView.swift in Sources */ = {isa = PBXBuildFile; fileRef = 84BEFEDD24F63B31006E4B61 /* MeetingCreatedView.swift */; };
		84BEFEE024F63B61006E4B61 /* MeetingCreatedViewModel.swift in Sources */ = {isa = PBXBuildFile; fileRef = 84BEFEDF24F63B61006E4B61 /* MeetingCreatedViewModel.swift */; };
		84BEFEE424F66CF7006E4B61 /* MeetingJoinedView.swift in Sources */ = {isa = PBXBuildFile; fileRef = 84BEFEE324F66CF7006E4B61 /* MeetingJoinedView.swift */; };
		84BEFEE624F66D01006E4B61 /* MeetingJoinedViewModel.swift in Sources */ = {isa = PBXBuildFile; fileRef = 84BEFEE524F66D01006E4B61 /* MeetingJoinedViewModel.swift */; };
		84DC104824B49E340064DEBE /* MeetingView.swift in Sources */ = {isa = PBXBuildFile; fileRef = 84DC104724B49E340064DEBE /* MeetingView.swift */; };
		84DC105524B4A5AE0064DEBE /* BleCentral.swift in Sources */ = {isa = PBXBuildFile; fileRef = 84DC105424B4A5AE0064DEBE /* BleCentral.swift */; };
		84DC105724B4B3EB0064DEBE /* MeetingViewModel.swift in Sources */ = {isa = PBXBuildFile; fileRef = 84DC105624B4B3EB0064DEBE /* MeetingViewModel.swift */; };
		84DC105D24B4CCC70064DEBE /* Dip in Frameworks */ = {isa = PBXBuildFile; productRef = 84DC105C24B4CCC70064DEBE /* Dip */; };
		84DC106024B4CCE80064DEBE /* Dependencies.swift in Sources */ = {isa = PBXBuildFile; fileRef = 84DC105F24B4CCE80064DEBE /* Dependencies.swift */; };
		84DC106424B502690064DEBE /* BlePeripheral.swift in Sources */ = {isa = PBXBuildFile; fileRef = 84DC106324B502690064DEBE /* BlePeripheral.swift */; };
		84DC106624B503CA0064DEBE /* BleUuids.swift in Sources */ = {isa = PBXBuildFile; fileRef = 84DC106524B503CA0064DEBE /* BleUuids.swift */; };
		84E3DC7E24C6F64300E2F175 /* Log.swift in Sources */ = {isa = PBXBuildFile; fileRef = 84E3DC7A24C6F64300E2F175 /* Log.swift */; };
		84E3DC7F24C6F64300E2F175 /* CompositeLog.swift in Sources */ = {isa = PBXBuildFile; fileRef = 84E3DC7B24C6F64300E2F175 /* CompositeLog.swift */; };
		84E3DC8024C6F64300E2F175 /* ConsoleLog.swift in Sources */ = {isa = PBXBuildFile; fileRef = 84E3DC7C24C6F64300E2F175 /* ConsoleLog.swift */; };
		84E3DC8124C6F64300E2F175 /* CachingLog.swift in Sources */ = {isa = PBXBuildFile; fileRef = 84E3DC7D24C6F64300E2F175 /* CachingLog.swift */; };
		84E3DC8524C6F9E900E2F175 /* TokenService.swift in Sources */ = {isa = PBXBuildFile; fileRef = 84E3DC8324C6F9E900E2F175 /* TokenService.swift */; };
		84E3DC8624C6F9E900E2F175 /* Nearby.swift in Sources */ = {isa = PBXBuildFile; fileRef = 84E3DC8424C6F9E900E2F175 /* Nearby.swift */; };
		84E3DC8824C723AC00E2F175 /* PeerService.swift in Sources */ = {isa = PBXBuildFile; fileRef = 84E3DC8724C723AC00E2F175 /* PeerService.swift */; };
		84E3DC8B24C7262000E2F175 /* RadarUIService.swift in Sources */ = {isa = PBXBuildFile; fileRef = 84E3DC8A24C7262000E2F175 /* RadarUIService.swift */; };
		84E9ACA924C4C3D700DAEBA1 /* Data+hex.swift in Sources */ = {isa = PBXBuildFile; fileRef = 84E9ACA824C4C3D700DAEBA1 /* Data+hex.swift */; };
/* End PBXBuildFile section */

/* Begin PBXContainerItemProxy section */
		84B0673422F9B400006DDC18 /* PBXContainerItemProxy */ = {
			isa = PBXContainerItemProxy;
			containerPortal = 84B0671722F9B3FE006DDC18 /* Project object */;
			proxyType = 1;
			remoteGlobalIDString = 84B0671E22F9B3FE006DDC18;
			remoteInfo = ios_app;
		};
		84B0678822F9F8C6006DDC18 /* PBXContainerItemProxy */ = {
			isa = PBXContainerItemProxy;
			containerPortal = 84B0671722F9B3FE006DDC18 /* Project object */;
			proxyType = 1;
			remoteGlobalIDString = 84B0678222F9E9F2006DDC18;
			remoteInfo = mobcore;
		};
		84B6DC7D24FBA32F00AA7E6D /* PBXContainerItemProxy */ = {
			isa = PBXContainerItemProxy;
			containerPortal = 84B0671722F9B3FE006DDC18 /* Project object */;
			proxyType = 1;
			remoteGlobalIDString = 84B6DC7A24FBA32F00AA7E6D;
			remoteInfo = "ploc_watch Extension";
		};
		84B6DC9124FBA33000AA7E6D /* PBXContainerItemProxy */ = {
			isa = PBXContainerItemProxy;
			containerPortal = 84B0671722F9B3FE006DDC18 /* Project object */;
			proxyType = 1;
			remoteGlobalIDString = 84B6DC7124FBA32E00AA7E6D;
			remoteInfo = ploc_watch;
		};
/* End PBXContainerItemProxy section */

/* Begin PBXCopyFilesBuildPhase section */
		84B0677E22F9E9D4006DDC18 /* Embed Frameworks */ = {
			isa = PBXCopyFilesBuildPhase;
			buildActionMask = 2147483647;
			dstPath = "";
			dstSubfolderSpec = 10;
			files = (
			);
			name = "Embed Frameworks";
			runOnlyForDeploymentPostprocessing = 0;
		};
		84B6DC9424FBA33000AA7E6D /* Embed Watch Content */ = {
			isa = PBXCopyFilesBuildPhase;
			buildActionMask = 2147483647;
			dstPath = "$(CONTENTS_FOLDER_PATH)/Watch";
			dstSubfolderSpec = 16;
			files = (
				84B6DC9324FBA33000AA7E6D /* ploc_watch.app in Embed Watch Content */,
			);
			name = "Embed Watch Content";
			runOnlyForDeploymentPostprocessing = 0;
		};
		84B6DC9724FBA33000AA7E6D /* Embed App Extensions */ = {
			isa = PBXCopyFilesBuildPhase;
			buildActionMask = 2147483647;
			dstPath = "";
			dstSubfolderSpec = 13;
			files = (
				84B6DC7C24FBA32F00AA7E6D /* ploc_watch Extension.appex in Embed App Extensions */,
			);
			name = "Embed App Extensions";
			runOnlyForDeploymentPostprocessing = 0;
		};
/* End PBXCopyFilesBuildPhase section */

/* Begin PBXFileReference section */
		84094EF724EACC3C0028BBDF /* SessionView.swift */ = {isa = PBXFileReference; lastKnownFileType = sourcecode.swift; path = SessionView.swift; sourceTree = "<group>"; };
		84094EF924EACC4E0028BBDF /* SessionViewModel.swift */ = {isa = PBXFileReference; lastKnownFileType = sourcecode.swift; path = SessionViewModel.swift; sourceTree = "<group>"; };
		841C331724F4F24000F99B93 /* Result+Convenience.swift */ = {isa = PBXFileReference; lastKnownFileType = sourcecode.swift; path = "Result+Convenience.swift"; sourceTree = "<group>"; };
		841C331924F53AD300F99B93 /* UINotifications.swift */ = {isa = PBXFileReference; lastKnownFileType = sourcecode.swift; path = UINotifications.swift; sourceTree = "<group>"; };
		841CBBF324F3DC39003E2A60 /* CurrentSessionService.swift */ = {isa = PBXFileReference; lastKnownFileType = sourcecode.swift; path = CurrentSessionService.swift; sourceTree = "<group>"; };
		843F7EF024F10477002AA5F8 /* BleId.swift */ = {isa = PBXFileReference; lastKnownFileType = sourcecode.swift; path = BleId.swift; sourceTree = "<group>"; };
		843F7EF224F10582002AA5F8 /* P2pService.swift */ = {isa = PBXFileReference; lastKnownFileType = sourcecode.swift; path = P2pService.swift; sourceTree = "<group>"; };
		8466613624B3789200E5FBF9 /* mobileapp-ios.h */ = {isa = PBXFileReference; fileEncoding = 4; lastKnownFileType = sourcecode.c.h; path = "mobileapp-ios.h"; sourceTree = "<group>"; };
		8466613A24B3794400E5FBF9 /* libcore */ = {isa = PBXFileReference; lastKnownFileType = archive.ar; path = libcore; sourceTree = "<group>"; };
		8487FA2F24EE77CE003FDB0C /* KeyChain.swift */ = {isa = PBXFileReference; lastKnownFileType = sourcecode.swift; path = KeyChain.swift; sourceTree = "<group>"; };
		8489BAE324EAD4A8006D1CD3 /* Core.swift */ = {isa = PBXFileReference; lastKnownFileType = sourcecode.swift; path = Core.swift; sourceTree = "<group>"; };
		8489BAE624EAF439006D1CD3 /* ServicesError.swift */ = {isa = PBXFileReference; lastKnownFileType = sourcecode.swift; path = ServicesError.swift; sourceTree = "<group>"; };
		8489BAE824EAF453006D1CD3 /* Session.swift */ = {isa = PBXFileReference; lastKnownFileType = sourcecode.swift; path = Session.swift; sourceTree = "<group>"; };
		8489BAED24EB1761006D1CD3 /* matchApp.swift */ = {isa = PBXFileReference; lastKnownFileType = sourcecode.swift; path = matchApp.swift; sourceTree = "<group>"; };
		848D5F4924CCA4FF00F2D80B /* NotificationService.swift */ = {isa = PBXFileReference; lastKnownFileType = sourcecode.swift; path = NotificationService.swift; sourceTree = "<group>"; };
		848D5F4C24CCA7AF00F2D80B /* AppBadgeUpdater.swift */ = {isa = PBXFileReference; fileEncoding = 4; lastKnownFileType = sourcecode.swift; path = AppBadgeUpdater.swift; sourceTree = "<group>"; };
		848D5F4D24CCA7AF00F2D80B /* NotificationsDelegate.swift */ = {isa = PBXFileReference; fileEncoding = 4; lastKnownFileType = sourcecode.swift; path = NotificationsDelegate.swift; sourceTree = "<group>"; };
		848D5F5024CCA8E800F2D80B /* PeerDistanceNotificationService.swift */ = {isa = PBXFileReference; lastKnownFileType = sourcecode.swift; path = PeerDistanceNotificationService.swift; sourceTree = "<group>"; };
		848D5F5224CCCADE00F2D80B /* NotificationsPermission.swift */ = {isa = PBXFileReference; lastKnownFileType = sourcecode.swift; path = NotificationsPermission.swift; sourceTree = "<group>"; };
		8490C24B24F7FD53002FAFE9 /* NumberFormatters.swift */ = {isa = PBXFileReference; lastKnownFileType = sourcecode.swift; path = NumberFormatters.swift; sourceTree = "<group>"; };
		84993A1724B5C0730044AA27 /* Preferences.swift */ = {isa = PBXFileReference; lastKnownFileType = sourcecode.swift; path = Preferences.swift; sourceTree = "<group>"; };
		84993A1A24B5C1340044AA27 /* BleIdService.swift */ = {isa = PBXFileReference; lastKnownFileType = sourcecode.swift; path = BleIdService.swift; sourceTree = "<group>"; };
		849B612824EDB99400D321D1 /* SessionService.swift */ = {isa = PBXFileReference; lastKnownFileType = sourcecode.swift; path = SessionService.swift; sourceTree = "<group>"; };
		84B0671F22F9B3FE006DDC18 /* Match.app */ = {isa = PBXFileReference; explicitFileType = wrapper.application; includeInIndex = 0; path = Match.app; sourceTree = BUILT_PRODUCTS_DIR; };
		84B0672922F9B3FF006DDC18 /* Assets.xcassets */ = {isa = PBXFileReference; lastKnownFileType = folder.assetcatalog; path = Assets.xcassets; sourceTree = "<group>"; };
		84B0672C22F9B3FF006DDC18 /* Base */ = {isa = PBXFileReference; lastKnownFileType = file.storyboard; name = Base; path = Base.lproj/LaunchScreen.storyboard; sourceTree = "<group>"; };
		84B0672E22F9B3FF006DDC18 /* Info.plist */ = {isa = PBXFileReference; lastKnownFileType = text.plist.xml; path = Info.plist; sourceTree = "<group>"; };
		84B0673322F9B400006DDC18 /* Match tests.xctest */ = {isa = PBXFileReference; explicitFileType = wrapper.cfbundle; includeInIndex = 0; path = "Match tests.xctest"; sourceTree = BUILT_PRODUCTS_DIR; };
		84B0673722F9B400006DDC18 /* ios_appTests.swift */ = {isa = PBXFileReference; lastKnownFileType = sourcecode.swift; path = ios_appTests.swift; sourceTree = "<group>"; };
		84B0673922F9B400006DDC18 /* Info.plist */ = {isa = PBXFileReference; lastKnownFileType = text.plist.xml; path = Info.plist; sourceTree = "<group>"; };
		84B0675022F9E3C7006DDC18 /* Rust-Bridging-Header.h */ = {isa = PBXFileReference; lastKnownFileType = sourcecode.c.h; path = "Rust-Bridging-Header.h"; sourceTree = "<group>"; };
		84B0675122F9E4DF006DDC18 /* build-rust-xcode.sh */ = {isa = PBXFileReference; fileEncoding = 4; lastKnownFileType = text.script.sh; path = "build-rust-xcode.sh"; sourceTree = "<group>"; };
		84B5370D24FA833D000B42C7 /* Sharer.swift */ = {isa = PBXFileReference; lastKnownFileType = sourcecode.swift; path = Sharer.swift; sourceTree = "<group>"; };
		84B5371024FAB453000B42C7 /* DeeplinkHandler.swift */ = {isa = PBXFileReference; lastKnownFileType = sourcecode.swift; path = DeeplinkHandler.swift; sourceTree = "<group>"; };
		84B6DC7224FBA32E00AA7E6D /* ploc_watch.app */ = {isa = PBXFileReference; explicitFileType = wrapper.application; includeInIndex = 0; path = ploc_watch.app; sourceTree = BUILT_PRODUCTS_DIR; };
		84B6DC7424FBA32F00AA7E6D /* Assets.xcassets */ = {isa = PBXFileReference; lastKnownFileType = folder.assetcatalog; path = Assets.xcassets; sourceTree = "<group>"; };
		84B6DC7624FBA32F00AA7E6D /* Info.plist */ = {isa = PBXFileReference; lastKnownFileType = text.plist.xml; path = Info.plist; sourceTree = "<group>"; };
		84B6DC7B24FBA32F00AA7E6D /* ploc_watch Extension.appex */ = {isa = PBXFileReference; explicitFileType = "wrapper.app-extension"; includeInIndex = 0; path = "ploc_watch Extension.appex"; sourceTree = BUILT_PRODUCTS_DIR; };
		84B6DC8024FBA32F00AA7E6D /* ios_appApp.swift */ = {isa = PBXFileReference; lastKnownFileType = sourcecode.swift; path = ios_appApp.swift; sourceTree = "<group>"; };
		84B6DC8224FBA32F00AA7E6D /* ContentView.swift */ = {isa = PBXFileReference; lastKnownFileType = sourcecode.swift; path = ContentView.swift; sourceTree = "<group>"; };
		84B6DC8424FBA32F00AA7E6D /* NotificationController.swift */ = {isa = PBXFileReference; lastKnownFileType = sourcecode.swift; path = NotificationController.swift; sourceTree = "<group>"; };
		84B6DC8624FBA32F00AA7E6D /* NotificationView.swift */ = {isa = PBXFileReference; lastKnownFileType = sourcecode.swift; path = NotificationView.swift; sourceTree = "<group>"; };
		84B6DC8824FBA32F00AA7E6D /* ComplicationController.swift */ = {isa = PBXFileReference; lastKnownFileType = sourcecode.swift; path = ComplicationController.swift; sourceTree = "<group>"; };
		84B6DC8A24FBA33000AA7E6D /* Assets.xcassets */ = {isa = PBXFileReference; lastKnownFileType = folder.assetcatalog; path = Assets.xcassets; sourceTree = "<group>"; };
		84B6DC8D24FBA33000AA7E6D /* Preview Assets.xcassets */ = {isa = PBXFileReference; lastKnownFileType = folder.assetcatalog; path = "Preview Assets.xcassets"; sourceTree = "<group>"; };
		84B6DC8F24FBA33000AA7E6D /* Info.plist */ = {isa = PBXFileReference; lastKnownFileType = text.plist.xml; path = Info.plist; sourceTree = "<group>"; };
		84B6DC9024FBA33000AA7E6D /* PushNotificationPayload.apns */ = {isa = PBXFileReference; lastKnownFileType = text; path = PushNotificationPayload.apns; sourceTree = "<group>"; };
		84BB92E524F3A28C00CAB5A7 /* BleManager.swift */ = {isa = PBXFileReference; lastKnownFileType = sourcecode.swift; path = BleManager.swift; sourceTree = "<group>"; };
		84BB92EC24F3D8E700CAB5A7 /* Clipboard.swift */ = {isa = PBXFileReference; lastKnownFileType = sourcecode.swift; path = Clipboard.swift; sourceTree = "<group>"; };
		84BE8E1124EFDAAD004CE510 /* Json.swift */ = {isa = PBXFileReference; lastKnownFileType = sourcecode.swift; path = Json.swift; sourceTree = "<group>"; };
		84BE8E1324F00E9F004CE510 /* Crypto.swift */ = {isa = PBXFileReference; lastKnownFileType = sourcecode.swift; path = Crypto.swift; sourceTree = "<group>"; };
		84BEFED924F62E77006E4B61 /* HomeViewModel.swift */ = {isa = PBXFileReference; lastKnownFileType = sourcecode.swift; path = HomeViewModel.swift; sourceTree = "<group>"; };
		84BEFEDB24F62E7F006E4B61 /* HomeView.swift */ = {isa = PBXFileReference; lastKnownFileType = sourcecode.swift; path = HomeView.swift; sourceTree = "<group>"; };
		84BEFEDD24F63B31006E4B61 /* MeetingCreatedView.swift */ = {isa = PBXFileReference; lastKnownFileType = sourcecode.swift; path = MeetingCreatedView.swift; sourceTree = "<group>"; };
		84BEFEDF24F63B61006E4B61 /* MeetingCreatedViewModel.swift */ = {isa = PBXFileReference; lastKnownFileType = sourcecode.swift; path = MeetingCreatedViewModel.swift; sourceTree = "<group>"; };
		84BEFEE324F66CF7006E4B61 /* MeetingJoinedView.swift */ = {isa = PBXFileReference; lastKnownFileType = sourcecode.swift; path = MeetingJoinedView.swift; sourceTree = "<group>"; };
		84BEFEE524F66D01006E4B61 /* MeetingJoinedViewModel.swift */ = {isa = PBXFileReference; lastKnownFileType = sourcecode.swift; path = MeetingJoinedViewModel.swift; sourceTree = "<group>"; };
		84DC104724B49E340064DEBE /* MeetingView.swift */ = {isa = PBXFileReference; lastKnownFileType = sourcecode.swift; path = MeetingView.swift; sourceTree = "<group>"; };
		84DC105424B4A5AE0064DEBE /* BleCentral.swift */ = {isa = PBXFileReference; lastKnownFileType = sourcecode.swift; path = BleCentral.swift; sourceTree = "<group>"; };
		84DC105624B4B3EB0064DEBE /* MeetingViewModel.swift */ = {isa = PBXFileReference; lastKnownFileType = sourcecode.swift; path = MeetingViewModel.swift; sourceTree = "<group>"; };
		84DC105F24B4CCE80064DEBE /* Dependencies.swift */ = {isa = PBXFileReference; lastKnownFileType = sourcecode.swift; path = Dependencies.swift; sourceTree = "<group>"; };
		84DC106324B502690064DEBE /* BlePeripheral.swift */ = {isa = PBXFileReference; lastKnownFileType = sourcecode.swift; path = BlePeripheral.swift; sourceTree = "<group>"; };
		84DC106524B503CA0064DEBE /* BleUuids.swift */ = {isa = PBXFileReference; lastKnownFileType = sourcecode.swift; path = BleUuids.swift; sourceTree = "<group>"; };
		84E3DC7A24C6F64300E2F175 /* Log.swift */ = {isa = PBXFileReference; fileEncoding = 4; lastKnownFileType = sourcecode.swift; path = Log.swift; sourceTree = "<group>"; };
		84E3DC7B24C6F64300E2F175 /* CompositeLog.swift */ = {isa = PBXFileReference; fileEncoding = 4; lastKnownFileType = sourcecode.swift; path = CompositeLog.swift; sourceTree = "<group>"; };
		84E3DC7C24C6F64300E2F175 /* ConsoleLog.swift */ = {isa = PBXFileReference; fileEncoding = 4; lastKnownFileType = sourcecode.swift; path = ConsoleLog.swift; sourceTree = "<group>"; };
		84E3DC7D24C6F64300E2F175 /* CachingLog.swift */ = {isa = PBXFileReference; fileEncoding = 4; lastKnownFileType = sourcecode.swift; path = CachingLog.swift; sourceTree = "<group>"; };
		84E3DC8324C6F9E900E2F175 /* TokenService.swift */ = {isa = PBXFileReference; fileEncoding = 4; lastKnownFileType = sourcecode.swift; path = TokenService.swift; sourceTree = "<group>"; };
		84E3DC8424C6F9E900E2F175 /* Nearby.swift */ = {isa = PBXFileReference; fileEncoding = 4; lastKnownFileType = sourcecode.swift; path = Nearby.swift; sourceTree = "<group>"; };
		84E3DC8724C723AC00E2F175 /* PeerService.swift */ = {isa = PBXFileReference; lastKnownFileType = sourcecode.swift; path = PeerService.swift; sourceTree = "<group>"; };
		84E3DC8A24C7262000E2F175 /* RadarUIService.swift */ = {isa = PBXFileReference; lastKnownFileType = sourcecode.swift; path = RadarUIService.swift; sourceTree = "<group>"; };
		84E9ACA824C4C3D700DAEBA1 /* Data+hex.swift */ = {isa = PBXFileReference; lastKnownFileType = sourcecode.swift; path = "Data+hex.swift"; sourceTree = "<group>"; };
/* End PBXFileReference section */

/* Begin PBXFrameworksBuildPhase section */
		84B0671C22F9B3FE006DDC18 /* Frameworks */ = {
			isa = PBXFrameworksBuildPhase;
			buildActionMask = 2147483647;
			files = (
				841C331D24F53E9200F99B93 /* SwiftEntryKit in Frameworks */,
				8487FA3324EE7B98003FDB0C /* Valet in Frameworks */,
				84DC105D24B4CCC70064DEBE /* Dip in Frameworks */,
				8466613B24B3794400E5FBF9 /* libcore in Frameworks */,
			);
			runOnlyForDeploymentPostprocessing = 0;
		};
		84B0673022F9B400006DDC18 /* Frameworks */ = {
			isa = PBXFrameworksBuildPhase;
			buildActionMask = 2147483647;
			files = (
			);
			runOnlyForDeploymentPostprocessing = 0;
		};
		84B6DC7824FBA32F00AA7E6D /* Frameworks */ = {
			isa = PBXFrameworksBuildPhase;
			buildActionMask = 2147483647;
			files = (
			);
			runOnlyForDeploymentPostprocessing = 0;
		};
/* End PBXFrameworksBuildPhase section */

/* Begin PBXGroup section */
		84094EF624EACAAC0028BBDF /* session */ = {
			isa = PBXGroup;
			children = (
				84094EF724EACC3C0028BBDF /* SessionView.swift */,
				84094EF924EACC4E0028BBDF /* SessionViewModel.swift */,
			);
			path = session;
			sourceTree = "<group>";
		};
		8466613424B3789200E5FBF9 /* core */ = {
			isa = PBXGroup;
			children = (
				8466613A24B3794400E5FBF9 /* libcore */,
				8466613624B3789200E5FBF9 /* mobileapp-ios.h */,
				8489BAE324EAD4A8006D1CD3 /* Core.swift */,
			);
			path = core;
			sourceTree = "<group>";
		};
		8489BAE524EAF42F006D1CD3 /* common */ = {
			isa = PBXGroup;
			children = (
				8489BAE624EAF439006D1CD3 /* ServicesError.swift */,
				8489BAE824EAF453006D1CD3 /* Session.swift */,
			);
			path = common;
			sourceTree = "<group>";
		};
		848D5F4B24CCA75800F2D80B /* notifications */ = {
			isa = PBXGroup;
			children = (
				848D5F4C24CCA7AF00F2D80B /* AppBadgeUpdater.swift */,
				848D5F4D24CCA7AF00F2D80B /* NotificationsDelegate.swift */,
				848D5F4924CCA4FF00F2D80B /* NotificationService.swift */,
				848D5F5224CCCADE00F2D80B /* NotificationsPermission.swift */,
			);
			path = notifications;
			sourceTree = "<group>";
		};
		8490C24D24F7FD74002FAFE9 /* formatters */ = {
			isa = PBXGroup;
			children = (
				8490C24B24F7FD53002FAFE9 /* NumberFormatters.swift */,
			);
			path = formatters;
			sourceTree = "<group>";
		};
		84993A1624B5C05F0044AA27 /* system */ = {
			isa = PBXGroup;
			children = (
				84993A1724B5C0730044AA27 /* Preferences.swift */,
				8487FA2F24EE77CE003FDB0C /* KeyChain.swift */,
				84BE8E1124EFDAAD004CE510 /* Json.swift */,
				84BE8E1324F00E9F004CE510 /* Crypto.swift */,
				84BB92EC24F3D8E700CAB5A7 /* Clipboard.swift */,
				84B5371024FAB453000B42C7 /* DeeplinkHandler.swift */,
			);
			path = system;
			sourceTree = "<group>";
		};
		84993A1924B5C1250044AA27 /* services */ = {
			isa = PBXGroup;
			children = (
				848D5F4B24CCA75800F2D80B /* notifications */,
				84993A1A24B5C1340044AA27 /* BleIdService.swift */,
				84E3DC8724C723AC00E2F175 /* PeerService.swift */,
				848D5F5024CCA8E800F2D80B /* PeerDistanceNotificationService.swift */,
				849B612824EDB99400D321D1 /* SessionService.swift */,
				843F7EF024F10477002AA5F8 /* BleId.swift */,
				843F7EF224F10582002AA5F8 /* P2pService.swift */,
				841CBBF324F3DC39003E2A60 /* CurrentSessionService.swift */,
			);
			path = services;
			sourceTree = "<group>";
		};
		84B0671622F9B3FE006DDC18 = {
			isa = PBXGroup;
			children = (
				8489BAED24EB1761006D1CD3 /* matchApp.swift */,
				8466613424B3789200E5FBF9 /* core */,
				84B0675022F9E3C7006DDC18 /* Rust-Bridging-Header.h */,
				84B0675122F9E4DF006DDC18 /* build-rust-xcode.sh */,
				84B0672122F9B3FE006DDC18 /* ios_app */,
				84B0673622F9B400006DDC18 /* ios_appTests */,
				84B6DC7324FBA32E00AA7E6D /* ploc_watch */,
				84B6DC7F24FBA32F00AA7E6D /* ploc_watch Extension */,
				84B0672022F9B3FE006DDC18 /* Products */,
				84B0678E22FA195A006DDC18 /* Frameworks */,
			);
			sourceTree = "<group>";
		};
		84B0672022F9B3FE006DDC18 /* Products */ = {
			isa = PBXGroup;
			children = (
				84B0671F22F9B3FE006DDC18 /* Match.app */,
				84B0673322F9B400006DDC18 /* Match tests.xctest */,
				84B6DC7224FBA32E00AA7E6D /* ploc_watch.app */,
				84B6DC7B24FBA32F00AA7E6D /* ploc_watch Extension.appex */,
			);
			name = Products;
			sourceTree = "<group>";
		};
		84B0672122F9B3FE006DDC18 /* ios_app */ = {
			isa = PBXGroup;
			children = (
				8489BAE524EAF42F006D1CD3 /* common */,
				84E3DC8224C6F9A100E2F175 /* nearby */,
				84E3DC7924C6F64300E2F175 /* logs */,
				84E9ACA724C4C3CA00DAEBA1 /* extensions */,
				84993A1924B5C1250044AA27 /* services */,
				84993A1624B5C05F0044AA27 /* system */,
				84DC105E24B4CCDB0064DEBE /* dependencies */,
				84DC105324B4A5800064DEBE /* ble */,
				84DC104B24B4A2ED0064DEBE /* ui */,
				84B0672922F9B3FF006DDC18 /* Assets.xcassets */,
				84B0672B22F9B3FF006DDC18 /* LaunchScreen.storyboard */,
				84B0672E22F9B3FF006DDC18 /* Info.plist */,
			);
			path = ios_app;
			sourceTree = "<group>";
		};
		84B0673622F9B400006DDC18 /* ios_appTests */ = {
			isa = PBXGroup;
			children = (
				84B0673722F9B400006DDC18 /* ios_appTests.swift */,
				84B0673922F9B400006DDC18 /* Info.plist */,
			);
			path = ios_appTests;
			sourceTree = "<group>";
		};
		84B0678E22FA195A006DDC18 /* Frameworks */ = {
			isa = PBXGroup;
			children = (
			);
			name = Frameworks;
			sourceTree = "<group>";
		};
		84B6DC7324FBA32E00AA7E6D /* ploc_watch */ = {
			isa = PBXGroup;
			children = (
				84B6DC7424FBA32F00AA7E6D /* Assets.xcassets */,
				84B6DC7624FBA32F00AA7E6D /* Info.plist */,
			);
			path = ploc_watch;
			sourceTree = "<group>";
		};
		84B6DC7F24FBA32F00AA7E6D /* ploc_watch Extension */ = {
			isa = PBXGroup;
			children = (
				84B6DC8024FBA32F00AA7E6D /* ios_appApp.swift */,
				84B6DC8224FBA32F00AA7E6D /* ContentView.swift */,
				84B6DC8424FBA32F00AA7E6D /* NotificationController.swift */,
				84B6DC8624FBA32F00AA7E6D /* NotificationView.swift */,
				84B6DC8824FBA32F00AA7E6D /* ComplicationController.swift */,
				84B6DC8A24FBA33000AA7E6D /* Assets.xcassets */,
				84B6DC8F24FBA33000AA7E6D /* Info.plist */,
				84B6DC9024FBA33000AA7E6D /* PushNotificationPayload.apns */,
				84B6DC8C24FBA33000AA7E6D /* Preview Content */,
			);
			path = "ploc_watch Extension";
			sourceTree = "<group>";
		};
		84B6DC8C24FBA33000AA7E6D /* Preview Content */ = {
			isa = PBXGroup;
			children = (
				84B6DC8D24FBA33000AA7E6D /* Preview Assets.xcassets */,
			);
			path = "Preview Content";
			sourceTree = "<group>";
		};
		84BEFED824F62D94006E4B61 /* meeting */ = {
			isa = PBXGroup;
			children = (
				84DC104724B49E340064DEBE /* MeetingView.swift */,
				84DC105624B4B3EB0064DEBE /* MeetingViewModel.swift */,
			);
			path = meeting;
			sourceTree = "<group>";
		};
		84BEFEE124F66CDE006E4B61 /* meeting created */ = {
			isa = PBXGroup;
			children = (
				84BEFEDD24F63B31006E4B61 /* MeetingCreatedView.swift */,
				84BEFEDF24F63B61006E4B61 /* MeetingCreatedViewModel.swift */,
			);
			path = "meeting created";
			sourceTree = "<group>";
		};
		84BEFEE224F66CEE006E4B61 /* meeting joined */ = {
			isa = PBXGroup;
			children = (
				84BEFEE324F66CF7006E4B61 /* MeetingJoinedView.swift */,
				84BEFEE524F66D01006E4B61 /* MeetingJoinedViewModel.swift */,
			);
			path = "meeting joined";
			sourceTree = "<group>";
		};
		84DC104B24B4A2ED0064DEBE /* ui */ = {
			isa = PBXGroup;
			children = (
				8490C24D24F7FD74002FAFE9 /* formatters */,
				84BEFEE224F66CEE006E4B61 /* meeting joined */,
				84BEFEE124F66CDE006E4B61 /* meeting created */,
				84BEFED824F62D94006E4B61 /* meeting */,
				841C331924F53AD300F99B93 /* UINotifications.swift */,
				84094EF624EACAAC0028BBDF /* session */,
				84E3DC8924C7261500E2F175 /* services */,
				84DC105224B4A3BD0064DEBE /* home */,
				84DC104C24B4A2F20064DEBE /* extensions */,
				84B5370D24FA833D000B42C7 /* Sharer.swift */,
			);
			path = ui;
			sourceTree = "<group>";
		};
		84DC104C24B4A2F20064DEBE /* extensions */ = {
			isa = PBXGroup;
			children = (
			);
			path = extensions;
			sourceTree = "<group>";
		};
		84DC105224B4A3BD0064DEBE /* home */ = {
			isa = PBXGroup;
			children = (
				84BEFED924F62E77006E4B61 /* HomeViewModel.swift */,
				84BEFEDB24F62E7F006E4B61 /* HomeView.swift */,
			);
			path = home;
			sourceTree = "<group>";
		};
		84DC105324B4A5800064DEBE /* ble */ = {
			isa = PBXGroup;
			children = (
				84DC105424B4A5AE0064DEBE /* BleCentral.swift */,
				84DC106324B502690064DEBE /* BlePeripheral.swift */,
				84DC106524B503CA0064DEBE /* BleUuids.swift */,
				84BB92E524F3A28C00CAB5A7 /* BleManager.swift */,
			);
			path = ble;
			sourceTree = "<group>";
		};
		84DC105E24B4CCDB0064DEBE /* dependencies */ = {
			isa = PBXGroup;
			children = (
				84DC105F24B4CCE80064DEBE /* Dependencies.swift */,
			);
			path = dependencies;
			sourceTree = "<group>";
		};
		84E3DC7924C6F64300E2F175 /* logs */ = {
			isa = PBXGroup;
			children = (
				84E3DC7A24C6F64300E2F175 /* Log.swift */,
				84E3DC7B24C6F64300E2F175 /* CompositeLog.swift */,
				84E3DC7C24C6F64300E2F175 /* ConsoleLog.swift */,
				84E3DC7D24C6F64300E2F175 /* CachingLog.swift */,
			);
			path = logs;
			sourceTree = "<group>";
		};
		84E3DC8224C6F9A100E2F175 /* nearby */ = {
			isa = PBXGroup;
			children = (
				84E3DC8424C6F9E900E2F175 /* Nearby.swift */,
				84E3DC8324C6F9E900E2F175 /* TokenService.swift */,
			);
			path = nearby;
			sourceTree = "<group>";
		};
		84E3DC8924C7261500E2F175 /* services */ = {
			isa = PBXGroup;
			children = (
				84E3DC8A24C7262000E2F175 /* RadarUIService.swift */,
			);
			path = services;
			sourceTree = "<group>";
		};
		84E9ACA724C4C3CA00DAEBA1 /* extensions */ = {
			isa = PBXGroup;
			children = (
				84E9ACA824C4C3D700DAEBA1 /* Data+hex.swift */,
				841C331724F4F24000F99B93 /* Result+Convenience.swift */,
			);
			path = extensions;
			sourceTree = "<group>";
		};
/* End PBXGroup section */

/* Begin PBXLegacyTarget section */
		84B0678222F9E9F2006DDC18 /* core */ = {
			isa = PBXLegacyTarget;
			buildArgumentsString = "\"$(SRCROOT)/build-rust-xcode.sh\"";
			buildConfigurationList = 84B0678322F9E9F2006DDC18 /* Build configuration list for PBXLegacyTarget "core" */;
			buildPhases = (
			);
			buildToolPath = /bin/bash;
			buildWorkingDirectory = ../;
			dependencies = (
			);
			name = core;
			passBuildSettingsInEnvironment = 1;
			productName = sdfs;
		};
/* End PBXLegacyTarget section */

/* Begin PBXNativeTarget section */
		84B0671E22F9B3FE006DDC18 /* Match */ = {
			isa = PBXNativeTarget;
			buildConfigurationList = 84B0674722F9B400006DDC18 /* Build configuration list for PBXNativeTarget "Match" */;
			buildPhases = (
				84B0671B22F9B3FE006DDC18 /* Sources */,
				84B0671C22F9B3FE006DDC18 /* Frameworks */,
				84B0671D22F9B3FE006DDC18 /* Resources */,
				84B0677E22F9E9D4006DDC18 /* Embed Frameworks */,
				84B6DC9424FBA33000AA7E6D /* Embed Watch Content */,
			);
			buildRules = (
			);
			dependencies = (
				84B0678922F9F8C6006DDC18 /* PBXTargetDependency */,
				84B6DC9224FBA33000AA7E6D /* PBXTargetDependency */,
			);
			name = Match;
			packageProductDependencies = (
				84DC105C24B4CCC70064DEBE /* Dip */,
				8487FA3224EE7B98003FDB0C /* Valet */,
				841C331C24F53E9200F99B93 /* SwiftEntryKit */,
			);
			productName = ios_app;
			productReference = 84B0671F22F9B3FE006DDC18 /* Match.app */;
			productType = "com.apple.product-type.application";
		};
		84B0673222F9B400006DDC18 /* Match tests */ = {
			isa = PBXNativeTarget;
			buildConfigurationList = 84B0674A22F9B400006DDC18 /* Build configuration list for PBXNativeTarget "Match tests" */;
			buildPhases = (
				84B0672F22F9B400006DDC18 /* Sources */,
				84B0673022F9B400006DDC18 /* Frameworks */,
				84B0673122F9B400006DDC18 /* Resources */,
			);
			buildRules = (
			);
			dependencies = (
				84B0673522F9B400006DDC18 /* PBXTargetDependency */,
			);
			name = "Match tests";
			productName = ios_appTests;
			productReference = 84B0673322F9B400006DDC18 /* Match tests.xctest */;
			productType = "com.apple.product-type.bundle.unit-test";
		};
		84B6DC7124FBA32E00AA7E6D /* ploc_watch */ = {
			isa = PBXNativeTarget;
			buildConfigurationList = 84B6DC9B24FBA33000AA7E6D /* Build configuration list for PBXNativeTarget "ploc_watch" */;
			buildPhases = (
				84B6DC7024FBA32E00AA7E6D /* Resources */,
				84B6DC9724FBA33000AA7E6D /* Embed App Extensions */,
			);
			buildRules = (
			);
			dependencies = (
				84B6DC7E24FBA32F00AA7E6D /* PBXTargetDependency */,
			);
			name = ploc_watch;
			productName = ploc_watch;
			productReference = 84B6DC7224FBA32E00AA7E6D /* ploc_watch.app */;
			productType = "com.apple.product-type.application.watchapp2";
		};
		84B6DC7A24FBA32F00AA7E6D /* ploc_watch Extension */ = {
			isa = PBXNativeTarget;
			buildConfigurationList = 84B6DC9A24FBA33000AA7E6D /* Build configuration list for PBXNativeTarget "ploc_watch Extension" */;
			buildPhases = (
				84B6DC7724FBA32F00AA7E6D /* Sources */,
				84B6DC7824FBA32F00AA7E6D /* Frameworks */,
				84B6DC7924FBA32F00AA7E6D /* Resources */,
			);
			buildRules = (
			);
			dependencies = (
			);
			name = "ploc_watch Extension";
			productName = "ploc_watch Extension";
			productReference = 84B6DC7B24FBA32F00AA7E6D /* ploc_watch Extension.appex */;
			productType = "com.apple.product-type.watchkit2-extension";
		};
/* End PBXNativeTarget section */

/* Begin PBXProject section */
		84B0671722F9B3FE006DDC18 /* Project object */ = {
			isa = PBXProject;
			attributes = {
				LastSwiftUpdateCheck = 1200;
				LastUpgradeCheck = 1200;
				ORGANIZATIONNAME = com.schuetz;
				TargetAttributes = {
					84B0671E22F9B3FE006DDC18 = {
						CreatedOnToolsVersion = 10.3;
					};
					84B0673222F9B400006DDC18 = {
						CreatedOnToolsVersion = 10.3;
						TestTargetID = 84B0671E22F9B3FE006DDC18;
					};
					84B0678222F9E9F2006DDC18 = {
						CreatedOnToolsVersion = 10.3;
					};
					84B6DC7124FBA32E00AA7E6D = {
						CreatedOnToolsVersion = 12.0;
					};
					84B6DC7A24FBA32F00AA7E6D = {
						CreatedOnToolsVersion = 12.0;
					};
				};
			};
			buildConfigurationList = 84B0671A22F9B3FE006DDC18 /* Build configuration list for PBXProject "ios_app" */;
			compatibilityVersion = "Xcode 9.3";
			developmentRegion = en;
			hasScannedForEncodings = 0;
			knownRegions = (
				en,
				Base,
			);
			mainGroup = 84B0671622F9B3FE006DDC18;
			packageReferences = (
				84DC105B24B4CCC70064DEBE /* XCRemoteSwiftPackageReference "Dip" */,
				8487FA3124EE7B98003FDB0C /* XCRemoteSwiftPackageReference "Valet" */,
				841C331B24F53E9100F99B93 /* XCRemoteSwiftPackageReference "SwiftEntryKit" */,
			);
			productRefGroup = 84B0672022F9B3FE006DDC18 /* Products */;
			projectDirPath = "";
			projectRoot = "";
			targets = (
				84B0671E22F9B3FE006DDC18 /* Match */,
				84B0673222F9B400006DDC18 /* Match tests */,
				84B0678222F9E9F2006DDC18 /* core */,
				84B6DC7124FBA32E00AA7E6D /* ploc_watch */,
				84B6DC7A24FBA32F00AA7E6D /* ploc_watch Extension */,
			);
		};
/* End PBXProject section */

/* Begin PBXResourcesBuildPhase section */
		84B0671D22F9B3FE006DDC18 /* Resources */ = {
			isa = PBXResourcesBuildPhase;
			buildActionMask = 2147483647;
			files = (
				84B0672D22F9B3FF006DDC18 /* LaunchScreen.storyboard in Resources */,
				84B0672A22F9B3FF006DDC18 /* Assets.xcassets in Resources */,
			);
			runOnlyForDeploymentPostprocessing = 0;
		};
		84B0673122F9B400006DDC18 /* Resources */ = {
			isa = PBXResourcesBuildPhase;
			buildActionMask = 2147483647;
			files = (
			);
			runOnlyForDeploymentPostprocessing = 0;
		};
		84B6DC7024FBA32E00AA7E6D /* Resources */ = {
			isa = PBXResourcesBuildPhase;
			buildActionMask = 2147483647;
			files = (
				84B6DC7524FBA32F00AA7E6D /* Assets.xcassets in Resources */,
			);
			runOnlyForDeploymentPostprocessing = 0;
		};
		84B6DC7924FBA32F00AA7E6D /* Resources */ = {
			isa = PBXResourcesBuildPhase;
			buildActionMask = 2147483647;
			files = (
				84B6DC8E24FBA33000AA7E6D /* Preview Assets.xcassets in Resources */,
				84B6DC8B24FBA33000AA7E6D /* Assets.xcassets in Resources */,
			);
			runOnlyForDeploymentPostprocessing = 0;
		};
/* End PBXResourcesBuildPhase section */

/* Begin PBXSourcesBuildPhase section */
		84B0671B22F9B3FE006DDC18 /* Sources */ = {
			isa = PBXSourcesBuildPhase;
			buildActionMask = 2147483647;
			files = (
				84E9ACA924C4C3D700DAEBA1 /* Data+hex.swift in Sources */,
				84094EFA24EACC4E0028BBDF /* SessionViewModel.swift in Sources */,
				84094EF824EACC3C0028BBDF /* SessionView.swift in Sources */,
				848D5F4E24CCA7AF00F2D80B /* AppBadgeUpdater.swift in Sources */,
				84BE8E1424F00E9F004CE510 /* Crypto.swift in Sources */,
				848D5F4F24CCA7AF00F2D80B /* NotificationsDelegate.swift in Sources */,
				84E3DC8024C6F64300E2F175 /* ConsoleLog.swift in Sources */,
				848D5F4A24CCA4FF00F2D80B /* NotificationService.swift in Sources */,
				8490C24C24F7FD53002FAFE9 /* NumberFormatters.swift in Sources */,
				84993A1824B5C0730044AA27 /* Preferences.swift in Sources */,
				84B5371124FAB453000B42C7 /* DeeplinkHandler.swift in Sources */,
				84BEFEE424F66CF7006E4B61 /* MeetingJoinedView.swift in Sources */,
				84E3DC7F24C6F64300E2F175 /* CompositeLog.swift in Sources */,
				841C331824F4F24000F99B93 /* Result+Convenience.swift in Sources */,
				84B5370E24FA833D000B42C7 /* Sharer.swift in Sources */,
				84DC105724B4B3EB0064DEBE /* MeetingViewModel.swift in Sources */,
				848D5F5324CCCADE00F2D80B /* NotificationsPermission.swift in Sources */,
				84BEFEE024F63B61006E4B61 /* MeetingCreatedViewModel.swift in Sources */,
				84BE8E1224EFDAAD004CE510 /* Json.swift in Sources */,
				84E3DC7E24C6F64300E2F175 /* Log.swift in Sources */,
				84BEFEDC24F62E7F006E4B61 /* HomeView.swift in Sources */,
				84E3DC8124C6F64300E2F175 /* CachingLog.swift in Sources */,
				84DC106024B4CCE80064DEBE /* Dependencies.swift in Sources */,
				84DC104824B49E340064DEBE /* MeetingView.swift in Sources */,
				84DC106424B502690064DEBE /* BlePeripheral.swift in Sources */,
				841C331A24F53AD300F99B93 /* UINotifications.swift in Sources */,
				84E3DC8824C723AC00E2F175 /* PeerService.swift in Sources */,
				841CBBF424F3DC39003E2A60 /* CurrentSessionService.swift in Sources */,
				84BB92ED24F3D8E700CAB5A7 /* Clipboard.swift in Sources */,
				843F7EF124F10477002AA5F8 /* BleId.swift in Sources */,
				8489BAE424EAD4A8006D1CD3 /* Core.swift in Sources */,
				84BEFEDE24F63B31006E4B61 /* MeetingCreatedView.swift in Sources */,
				84E3DC8B24C7262000E2F175 /* RadarUIService.swift in Sources */,
				8487FA3024EE77CE003FDB0C /* KeyChain.swift in Sources */,
				84DC106624B503CA0064DEBE /* BleUuids.swift in Sources */,
				84E3DC8624C6F9E900E2F175 /* Nearby.swift in Sources */,
				84BEFEE624F66D01006E4B61 /* MeetingJoinedViewModel.swift in Sources */,
				843F7EF324F10582002AA5F8 /* P2pService.swift in Sources */,
				84DC105524B4A5AE0064DEBE /* BleCentral.swift in Sources */,
				8489BAE724EAF439006D1CD3 /* ServicesError.swift in Sources */,
				8489BAE924EAF453006D1CD3 /* Session.swift in Sources */,
				84BB92E624F3A28C00CAB5A7 /* BleManager.swift in Sources */,
				8489BAEE24EB1761006D1CD3 /* matchApp.swift in Sources */,
				84BEFEDA24F62E77006E4B61 /* HomeViewModel.swift in Sources */,
				84993A1B24B5C1340044AA27 /* BleIdService.swift in Sources */,
				848D5F5124CCA8E900F2D80B /* PeerDistanceNotificationService.swift in Sources */,
				84E3DC8524C6F9E900E2F175 /* TokenService.swift in Sources */,
				849B612924EDB99400D321D1 /* SessionService.swift in Sources */,
			);
			runOnlyForDeploymentPostprocessing = 0;
		};
		84B0672F22F9B400006DDC18 /* Sources */ = {
			isa = PBXSourcesBuildPhase;
			buildActionMask = 2147483647;
			files = (
				84B0673822F9B400006DDC18 /* ios_appTests.swift in Sources */,
			);
			runOnlyForDeploymentPostprocessing = 0;
		};
		84B6DC7724FBA32F00AA7E6D /* Sources */ = {
			isa = PBXSourcesBuildPhase;
			buildActionMask = 2147483647;
			files = (
				84B6DC8524FBA32F00AA7E6D /* NotificationController.swift in Sources */,
				84B6DC8324FBA32F00AA7E6D /* ContentView.swift in Sources */,
				84B6DC8924FBA32F00AA7E6D /* ComplicationController.swift in Sources */,
				84B6DC8124FBA32F00AA7E6D /* ios_appApp.swift in Sources */,
				84B6DC8724FBA32F00AA7E6D /* NotificationView.swift in Sources */,
			);
			runOnlyForDeploymentPostprocessing = 0;
		};
/* End PBXSourcesBuildPhase section */

/* Begin PBXTargetDependency section */
		84B0673522F9B400006DDC18 /* PBXTargetDependency */ = {
			isa = PBXTargetDependency;
			target = 84B0671E22F9B3FE006DDC18 /* Match */;
			targetProxy = 84B0673422F9B400006DDC18 /* PBXContainerItemProxy */;
		};
		84B0678922F9F8C6006DDC18 /* PBXTargetDependency */ = {
			isa = PBXTargetDependency;
			target = 84B0678222F9E9F2006DDC18 /* core */;
			targetProxy = 84B0678822F9F8C6006DDC18 /* PBXContainerItemProxy */;
		};
		84B6DC7E24FBA32F00AA7E6D /* PBXTargetDependency */ = {
			isa = PBXTargetDependency;
			target = 84B6DC7A24FBA32F00AA7E6D /* ploc_watch Extension */;
			targetProxy = 84B6DC7D24FBA32F00AA7E6D /* PBXContainerItemProxy */;
		};
		84B6DC9224FBA33000AA7E6D /* PBXTargetDependency */ = {
			isa = PBXTargetDependency;
			target = 84B6DC7124FBA32E00AA7E6D /* ploc_watch */;
			targetProxy = 84B6DC9124FBA33000AA7E6D /* PBXContainerItemProxy */;
		};
/* End PBXTargetDependency section */

/* Begin PBXVariantGroup section */
		84B0672B22F9B3FF006DDC18 /* LaunchScreen.storyboard */ = {
			isa = PBXVariantGroup;
			children = (
				84B0672C22F9B3FF006DDC18 /* Base */,
			);
			name = LaunchScreen.storyboard;
			sourceTree = "<group>";
		};
/* End PBXVariantGroup section */

/* Begin XCBuildConfiguration section */
		84B0674522F9B400006DDC18 /* Debug */ = {
			isa = XCBuildConfiguration;
			buildSettings = {
				ALWAYS_SEARCH_USER_PATHS = NO;
				CLANG_ANALYZER_NONNULL = YES;
				CLANG_ANALYZER_NUMBER_OBJECT_CONVERSION = YES_AGGRESSIVE;
				CLANG_CXX_LANGUAGE_STANDARD = "gnu++14";
				CLANG_CXX_LIBRARY = "libc++";
				CLANG_ENABLE_MODULES = YES;
				CLANG_ENABLE_OBJC_ARC = YES;
				CLANG_ENABLE_OBJC_WEAK = YES;
				CLANG_WARN_BLOCK_CAPTURE_AUTORELEASING = YES;
				CLANG_WARN_BOOL_CONVERSION = YES;
				CLANG_WARN_COMMA = YES;
				CLANG_WARN_CONSTANT_CONVERSION = YES;
				CLANG_WARN_DEPRECATED_OBJC_IMPLEMENTATIONS = YES;
				CLANG_WARN_DIRECT_OBJC_ISA_USAGE = YES_ERROR;
				CLANG_WARN_DOCUMENTATION_COMMENTS = YES;
				CLANG_WARN_EMPTY_BODY = YES;
				CLANG_WARN_ENUM_CONVERSION = YES;
				CLANG_WARN_INFINITE_RECURSION = YES;
				CLANG_WARN_INT_CONVERSION = YES;
				CLANG_WARN_NON_LITERAL_NULL_CONVERSION = YES;
				CLANG_WARN_OBJC_IMPLICIT_RETAIN_SELF = YES;
				CLANG_WARN_OBJC_LITERAL_CONVERSION = YES;
				CLANG_WARN_OBJC_ROOT_CLASS = YES_ERROR;
				CLANG_WARN_QUOTED_INCLUDE_IN_FRAMEWORK_HEADER = YES;
				CLANG_WARN_RANGE_LOOP_ANALYSIS = YES;
				CLANG_WARN_STRICT_PROTOTYPES = YES;
				CLANG_WARN_SUSPICIOUS_MOVE = YES;
				CLANG_WARN_UNGUARDED_AVAILABILITY = YES_AGGRESSIVE;
				CLANG_WARN_UNREACHABLE_CODE = YES;
				CLANG_WARN__DUPLICATE_METHOD_MATCH = YES;
				CODE_SIGN_IDENTITY = "iPhone Developer";
				COPY_PHASE_STRIP = NO;
				DEBUG_INFORMATION_FORMAT = dwarf;
				ENABLE_STRICT_OBJC_MSGSEND = YES;
				ENABLE_TESTABILITY = YES;
				GCC_C_LANGUAGE_STANDARD = gnu11;
				GCC_DYNAMIC_NO_PIC = NO;
				GCC_NO_COMMON_BLOCKS = YES;
				GCC_OPTIMIZATION_LEVEL = 0;
				GCC_PREPROCESSOR_DEFINITIONS = (
					"DEBUG=1",
					"$(inherited)",
				);
				GCC_WARN_64_TO_32_BIT_CONVERSION = YES;
				GCC_WARN_ABOUT_RETURN_TYPE = YES_ERROR;
				GCC_WARN_UNDECLARED_SELECTOR = YES;
				GCC_WARN_UNINITIALIZED_AUTOS = YES_AGGRESSIVE;
				GCC_WARN_UNUSED_FUNCTION = YES;
				GCC_WARN_UNUSED_VARIABLE = YES;
				IPHONEOS_DEPLOYMENT_TARGET = 14.0;
				MTL_ENABLE_DEBUG_INFO = INCLUDE_SOURCE;
				MTL_FAST_MATH = YES;
				ONLY_ACTIVE_ARCH = YES;
				SDKROOT = iphoneos;
				SWIFT_ACTIVE_COMPILATION_CONDITIONS = DEBUG;
				SWIFT_OPTIMIZATION_LEVEL = "-Onone";
			};
			name = Debug;
		};
		84B0674622F9B400006DDC18 /* Release */ = {
			isa = XCBuildConfiguration;
			buildSettings = {
				ALWAYS_SEARCH_USER_PATHS = NO;
				CLANG_ANALYZER_NONNULL = YES;
				CLANG_ANALYZER_NUMBER_OBJECT_CONVERSION = YES_AGGRESSIVE;
				CLANG_CXX_LANGUAGE_STANDARD = "gnu++14";
				CLANG_CXX_LIBRARY = "libc++";
				CLANG_ENABLE_MODULES = YES;
				CLANG_ENABLE_OBJC_ARC = YES;
				CLANG_ENABLE_OBJC_WEAK = YES;
				CLANG_WARN_BLOCK_CAPTURE_AUTORELEASING = YES;
				CLANG_WARN_BOOL_CONVERSION = YES;
				CLANG_WARN_COMMA = YES;
				CLANG_WARN_CONSTANT_CONVERSION = YES;
				CLANG_WARN_DEPRECATED_OBJC_IMPLEMENTATIONS = YES;
				CLANG_WARN_DIRECT_OBJC_ISA_USAGE = YES_ERROR;
				CLANG_WARN_DOCUMENTATION_COMMENTS = YES;
				CLANG_WARN_EMPTY_BODY = YES;
				CLANG_WARN_ENUM_CONVERSION = YES;
				CLANG_WARN_INFINITE_RECURSION = YES;
				CLANG_WARN_INT_CONVERSION = YES;
				CLANG_WARN_NON_LITERAL_NULL_CONVERSION = YES;
				CLANG_WARN_OBJC_IMPLICIT_RETAIN_SELF = YES;
				CLANG_WARN_OBJC_LITERAL_CONVERSION = YES;
				CLANG_WARN_OBJC_ROOT_CLASS = YES_ERROR;
				CLANG_WARN_QUOTED_INCLUDE_IN_FRAMEWORK_HEADER = YES;
				CLANG_WARN_RANGE_LOOP_ANALYSIS = YES;
				CLANG_WARN_STRICT_PROTOTYPES = YES;
				CLANG_WARN_SUSPICIOUS_MOVE = YES;
				CLANG_WARN_UNGUARDED_AVAILABILITY = YES_AGGRESSIVE;
				CLANG_WARN_UNREACHABLE_CODE = YES;
				CLANG_WARN__DUPLICATE_METHOD_MATCH = YES;
				CODE_SIGN_IDENTITY = "iPhone Developer";
				COPY_PHASE_STRIP = NO;
				DEBUG_INFORMATION_FORMAT = "dwarf-with-dsym";
				ENABLE_NS_ASSERTIONS = NO;
				ENABLE_STRICT_OBJC_MSGSEND = YES;
				GCC_C_LANGUAGE_STANDARD = gnu11;
				GCC_NO_COMMON_BLOCKS = YES;
				GCC_WARN_64_TO_32_BIT_CONVERSION = YES;
				GCC_WARN_ABOUT_RETURN_TYPE = YES_ERROR;
				GCC_WARN_UNDECLARED_SELECTOR = YES;
				GCC_WARN_UNINITIALIZED_AUTOS = YES_AGGRESSIVE;
				GCC_WARN_UNUSED_FUNCTION = YES;
				GCC_WARN_UNUSED_VARIABLE = YES;
				IPHONEOS_DEPLOYMENT_TARGET = 14.0;
				MTL_ENABLE_DEBUG_INFO = NO;
				MTL_FAST_MATH = YES;
				SDKROOT = iphoneos;
				SWIFT_COMPILATION_MODE = wholemodule;
				SWIFT_OPTIMIZATION_LEVEL = "-O";
				VALIDATE_PRODUCT = YES;
			};
			name = Release;
		};
		84B0674822F9B400006DDC18 /* Debug */ = {
			isa = XCBuildConfiguration;
			buildSettings = {
				ASSETCATALOG_COMPILER_APPICON_NAME = AppIcon;
				CODE_SIGN_STYLE = Automatic;
				DEVELOPMENT_TEAM = 37QAPDY2PR;
				INFOPLIST_FILE = ios_app/Info.plist;
				IPHONEOS_DEPLOYMENT_TARGET = 14.0;
				LD_RUNPATH_SEARCH_PATHS = (
					"$(inherited)",
					"@executable_path/Frameworks",
				);
				LIBRARY_SEARCH_PATHS = (
					"$(inherited)",
					"$(PROJECT_DIR)",
					"$(PROJECT_DIR)/core",
				);
				OTHER_LDFLAGS = "";
				PRODUCT_BUNDLE_IDENTIFIER = "com.schuetz.ios-app";
				PRODUCT_NAME = "$(TARGET_NAME)";
				SWIFT_OBJC_BRIDGING_HEADER = "/Users/ischuetz/dev/rust/rust_android_ios/ios_app/Rust-Bridging-Header.h";
				SWIFT_VERSION = 5.0;
				TARGETED_DEVICE_FAMILY = "1,2";
			};
			name = Debug;
		};
		84B0674922F9B400006DDC18 /* Release */ = {
			isa = XCBuildConfiguration;
			buildSettings = {
				ASSETCATALOG_COMPILER_APPICON_NAME = AppIcon;
				CODE_SIGN_STYLE = Automatic;
				DEVELOPMENT_TEAM = 37QAPDY2PR;
				INFOPLIST_FILE = ios_app/Info.plist;
				IPHONEOS_DEPLOYMENT_TARGET = 14.0;
				LD_RUNPATH_SEARCH_PATHS = (
					"$(inherited)",
					"@executable_path/Frameworks",
				);
				LIBRARY_SEARCH_PATHS = (
					"$(inherited)",
					"$(PROJECT_DIR)",
					"$(PROJECT_DIR)/core",
				);
				OTHER_LDFLAGS = "";
				PRODUCT_BUNDLE_IDENTIFIER = "com.schuetz.ios-app";
				PRODUCT_NAME = "$(TARGET_NAME)";
				SWIFT_OBJC_BRIDGING_HEADER = "/Users/ischuetz/dev/rust/rust_android_ios/ios_app/Rust-Bridging-Header.h";
				SWIFT_VERSION = 5.0;
				TARGETED_DEVICE_FAMILY = "1,2";
			};
			name = Release;
		};
		84B0674B22F9B400006DDC18 /* Debug */ = {
			isa = XCBuildConfiguration;
			buildSettings = {
				ALWAYS_EMBED_SWIFT_STANDARD_LIBRARIES = YES;
				BUNDLE_LOADER = "$(TEST_HOST)";
				CODE_SIGN_STYLE = Automatic;
				DEVELOPMENT_TEAM = 37QAPDY2PR;
				INFOPLIST_FILE = ios_appTests/Info.plist;
				LD_RUNPATH_SEARCH_PATHS = (
					"$(inherited)",
					"@executable_path/Frameworks",
					"@loader_path/Frameworks",
				);
				PRODUCT_BUNDLE_IDENTIFIER = "com.schuetz.ios-appTests";
				PRODUCT_NAME = "$(TARGET_NAME)";
				SWIFT_VERSION = 5.0;
				TARGETED_DEVICE_FAMILY = "1,2";
				TEST_HOST = "$(BUILT_PRODUCTS_DIR)/Match.app/Match";
			};
			name = Debug;
		};
		84B0674C22F9B400006DDC18 /* Release */ = {
			isa = XCBuildConfiguration;
			buildSettings = {
				ALWAYS_EMBED_SWIFT_STANDARD_LIBRARIES = YES;
				BUNDLE_LOADER = "$(TEST_HOST)";
				CODE_SIGN_STYLE = Automatic;
				DEVELOPMENT_TEAM = 37QAPDY2PR;
				INFOPLIST_FILE = ios_appTests/Info.plist;
				LD_RUNPATH_SEARCH_PATHS = (
					"$(inherited)",
					"@executable_path/Frameworks",
					"@loader_path/Frameworks",
				);
				PRODUCT_BUNDLE_IDENTIFIER = "com.schuetz.ios-appTests";
				PRODUCT_NAME = "$(TARGET_NAME)";
				SWIFT_VERSION = 5.0;
				TARGETED_DEVICE_FAMILY = "1,2";
				TEST_HOST = "$(BUILT_PRODUCTS_DIR)/Match.app/Match";
			};
			name = Release;
		};
		84B0678422F9E9F2006DDC18 /* Debug */ = {
			isa = XCBuildConfiguration;
			buildSettings = {
				CODE_SIGN_STYLE = Automatic;
				DEBUGGING_SYMBOLS = YES;
				DEBUG_INFORMATION_FORMAT = dwarf;
				DEVELOPMENT_TEAM = 37QAPDY2PR;
				GCC_GENERATE_DEBUGGING_SYMBOLS = YES;
				GCC_OPTIMIZATION_LEVEL = 0;
				OTHER_CFLAGS = "";
				OTHER_LDFLAGS = "";
				PRODUCT_NAME = "$(TARGET_NAME)";
			};
			name = Debug;
		};
		84B0678522F9E9F2006DDC18 /* Release */ = {
			isa = XCBuildConfiguration;
			buildSettings = {
				CODE_SIGN_STYLE = Automatic;
				DEBUG_INFORMATION_FORMAT = "dwarf-with-dsym";
				DEVELOPMENT_TEAM = 37QAPDY2PR;
				OTHER_CFLAGS = "";
				OTHER_LDFLAGS = "";
				PRODUCT_NAME = "$(TARGET_NAME)";
			};
			name = Release;
		};
		84B6DC9524FBA33000AA7E6D /* Debug */ = {
			isa = XCBuildConfiguration;
			buildSettings = {
				ALWAYS_EMBED_SWIFT_STANDARD_LIBRARIES = YES;
				ASSETCATALOG_COMPILER_APPICON_NAME = AppIcon;
				ASSETCATALOG_COMPILER_GLOBAL_ACCENT_COLOR_NAME = AccentColor;
				CODE_SIGN_STYLE = Automatic;
				DEVELOPMENT_TEAM = 37QAPDY2PR;
				IBSC_MODULE = ploc_watch_Extension;
				INFOPLIST_FILE = ploc_watch/Info.plist;
				PRODUCT_BUNDLE_IDENTIFIER = "com.schuetz.ios-app.watchkitapp";
				PRODUCT_NAME = "$(TARGET_NAME)";
				SDKROOT = watchos;
				SKIP_INSTALL = YES;
				SWIFT_VERSION = 5.0;
				TARGETED_DEVICE_FAMILY = 4;
				WATCHOS_DEPLOYMENT_TARGET = 7.0;
			};
			name = Debug;
		};
		84B6DC9624FBA33000AA7E6D /* Release */ = {
			isa = XCBuildConfiguration;
			buildSettings = {
				ALWAYS_EMBED_SWIFT_STANDARD_LIBRARIES = YES;
				ASSETCATALOG_COMPILER_APPICON_NAME = AppIcon;
				ASSETCATALOG_COMPILER_GLOBAL_ACCENT_COLOR_NAME = AccentColor;
				CODE_SIGN_STYLE = Automatic;
				DEVELOPMENT_TEAM = 37QAPDY2PR;
				IBSC_MODULE = ploc_watch_Extension;
				INFOPLIST_FILE = ploc_watch/Info.plist;
				PRODUCT_BUNDLE_IDENTIFIER = "com.schuetz.ios-app.watchkitapp";
				PRODUCT_NAME = "$(TARGET_NAME)";
				SDKROOT = watchos;
				SKIP_INSTALL = YES;
				SWIFT_VERSION = 5.0;
				TARGETED_DEVICE_FAMILY = 4;
				WATCHOS_DEPLOYMENT_TARGET = 7.0;
			};
			name = Release;
		};
		84B6DC9824FBA33000AA7E6D /* Debug */ = {
			isa = XCBuildConfiguration;
			buildSettings = {
				ASSETCATALOG_COMPILER_COMPLICATION_NAME = Complication;
				CODE_SIGN_STYLE = Automatic;
				DEVELOPMENT_ASSET_PATHS = "\"ploc_watch Extension/Preview Content\"";
				DEVELOPMENT_TEAM = 37QAPDY2PR;
				ENABLE_PREVIEWS = YES;
				INFOPLIST_FILE = "ploc_watch Extension/Info.plist";
				LD_RUNPATH_SEARCH_PATHS = (
					"$(inherited)",
					"@executable_path/Frameworks",
					"@executable_path/../../Frameworks",
				);
				PRODUCT_BUNDLE_IDENTIFIER = "com.schuetz.ios-app.watchkitapp.watchkitextension";
				PRODUCT_NAME = "${TARGET_NAME}";
				SDKROOT = watchos;
				SKIP_INSTALL = YES;
				SWIFT_VERSION = 5.0;
				TARGETED_DEVICE_FAMILY = 4;
				WATCHOS_DEPLOYMENT_TARGET = 7.0;
			};
			name = Debug;
		};
		84B6DC9924FBA33000AA7E6D /* Release */ = {
			isa = XCBuildConfiguration;
			buildSettings = {
				ASSETCATALOG_COMPILER_COMPLICATION_NAME = Complication;
				CODE_SIGN_STYLE = Automatic;
				DEVELOPMENT_ASSET_PATHS = "\"ploc_watch Extension/Preview Content\"";
				DEVELOPMENT_TEAM = 37QAPDY2PR;
				ENABLE_PREVIEWS = YES;
				INFOPLIST_FILE = "ploc_watch Extension/Info.plist";
				LD_RUNPATH_SEARCH_PATHS = (
					"$(inherited)",
					"@executable_path/Frameworks",
					"@executable_path/../../Frameworks",
				);
				PRODUCT_BUNDLE_IDENTIFIER = "com.schuetz.ios-app.watchkitapp.watchkitextension";
				PRODUCT_NAME = "${TARGET_NAME}";
				SDKROOT = watchos;
				SKIP_INSTALL = YES;
				SWIFT_VERSION = 5.0;
				TARGETED_DEVICE_FAMILY = 4;
				WATCHOS_DEPLOYMENT_TARGET = 7.0;
			};
			name = Release;
		};
/* End XCBuildConfiguration section */

/* Begin XCConfigurationList section */
		84B0671A22F9B3FE006DDC18 /* Build configuration list for PBXProject "ios_app" */ = {
			isa = XCConfigurationList;
			buildConfigurations = (
				84B0674522F9B400006DDC18 /* Debug */,
				84B0674622F9B400006DDC18 /* Release */,
			);
			defaultConfigurationIsVisible = 0;
			defaultConfigurationName = Release;
		};
		84B0674722F9B400006DDC18 /* Build configuration list for PBXNativeTarget "Match" */ = {
			isa = XCConfigurationList;
			buildConfigurations = (
				84B0674822F9B400006DDC18 /* Debug */,
				84B0674922F9B400006DDC18 /* Release */,
			);
			defaultConfigurationIsVisible = 0;
			defaultConfigurationName = Release;
		};
		84B0674A22F9B400006DDC18 /* Build configuration list for PBXNativeTarget "Match tests" */ = {
			isa = XCConfigurationList;
			buildConfigurations = (
				84B0674B22F9B400006DDC18 /* Debug */,
				84B0674C22F9B400006DDC18 /* Release */,
			);
			defaultConfigurationIsVisible = 0;
			defaultConfigurationName = Release;
		};
		84B0678322F9E9F2006DDC18 /* Build configuration list for PBXLegacyTarget "core" */ = {
			isa = XCConfigurationList;
			buildConfigurations = (
				84B0678422F9E9F2006DDC18 /* Debug */,
				84B0678522F9E9F2006DDC18 /* Release */,
			);
			defaultConfigurationIsVisible = 0;
			defaultConfigurationName = Release;
		};
		84B6DC9A24FBA33000AA7E6D /* Build configuration list for PBXNativeTarget "ploc_watch Extension" */ = {
			isa = XCConfigurationList;
			buildConfigurations = (
				84B6DC9824FBA33000AA7E6D /* Debug */,
				84B6DC9924FBA33000AA7E6D /* Release */,
			);
			defaultConfigurationIsVisible = 0;
			defaultConfigurationName = Release;
		};
		84B6DC9B24FBA33000AA7E6D /* Build configuration list for PBXNativeTarget "ploc_watch" */ = {
			isa = XCConfigurationList;
			buildConfigurations = (
				84B6DC9524FBA33000AA7E6D /* Debug */,
				84B6DC9624FBA33000AA7E6D /* Release */,
			);
			defaultConfigurationIsVisible = 0;
			defaultConfigurationName = Release;
		};
/* End XCConfigurationList section */

/* Begin XCRemoteSwiftPackageReference section */
		841C331B24F53E9100F99B93 /* XCRemoteSwiftPackageReference "SwiftEntryKit" */ = {
			isa = XCRemoteSwiftPackageReference;
			repositoryURL = "https://github.com/huri000/SwiftEntryKit";
			requirement = {
				kind = upToNextMajorVersion;
				minimumVersion = 1.2.3;
			};
		};
		8487FA3124EE7B98003FDB0C /* XCRemoteSwiftPackageReference "Valet" */ = {
			isa = XCRemoteSwiftPackageReference;
			repositoryURL = "https://github.com/square/Valet";
			requirement = {
				kind = upToNextMajorVersion;
				minimumVersion = 4.1.1;
			};
		};
		84DC105B24B4CCC70064DEBE /* XCRemoteSwiftPackageReference "Dip" */ = {
			isa = XCRemoteSwiftPackageReference;
			repositoryURL = "https://github.com/AliSoftware/Dip";
			requirement = {
				kind = upToNextMajorVersion;
				minimumVersion = 7.1.1;
			};
		};
/* End XCRemoteSwiftPackageReference section */

/* Begin XCSwiftPackageProductDependency section */
		841C331C24F53E9200F99B93 /* SwiftEntryKit */ = {
			isa = XCSwiftPackageProductDependency;
			package = 841C331B24F53E9100F99B93 /* XCRemoteSwiftPackageReference "SwiftEntryKit" */;
			productName = SwiftEntryKit;
		};
		8487FA3224EE7B98003FDB0C /* Valet */ = {
			isa = XCSwiftPackageProductDependency;
			package = 8487FA3124EE7B98003FDB0C /* XCRemoteSwiftPackageReference "Valet" */;
			productName = Valet;
		};
		84DC105C24B4CCC70064DEBE /* Dip */ = {
			isa = XCSwiftPackageProductDependency;
			package = 84DC105B24B4CCC70064DEBE /* XCRemoteSwiftPackageReference "Dip" */;
			productName = Dip;
		};
/* End XCSwiftPackageProductDependency section */
	};
	rootObject = 84B0671722F9B3FE006DDC18 /* Project object */;
}
