{
  "object": {
    "pins": [
      {
        "package": "CodeScanner",
        "repositoryURL": "https://github.com/twostraws/CodeScanner",
        "state": {
          "branch": null,
          "revision": "9d902dec616bd70b1a2a1b1e6d821c10c392ba9f",
          "version": "1.0.6"
        }
      },
      {
        "package": "CombineExt",
        "repositoryURL": "https://github.com/CombineCommunity/CombineExt",
        "state": {
          "branch": null,
          "revision": "6664678135c6aec049c887a51c9da2545f184882",
          "version": "1.2.0"
        }
      },
      {
        "package": "Dip",
        "repositoryURL": "https://github.com/AliSoftware/Dip",
        "state": {
          "branch": null,
          "revision": "c3b601df0ff22b06b6d5ff4943faf05c0bd3f9bb",
          "version": "7.1.1"
        }
      },
      {
        "package": "QuickLayout",
        "repositoryURL": "https://github.com/huri000/QuickLayout",
        "state": {
          "branch": null,
          "revision": "6be62decbe508d8fc8f9dbafc349d05bab03c38b",
          "version": "3.0.1"
        }
      },
      {
        "package": "SwiftEntryKit",
        "repositoryURL": "https://github.com/huri000/SwiftEntryKit",
        "state": {
          "branch": null,
          "revision": "796981500de29ee72f72ef8e9c46eaed2fe6364e",
          "version": "1.2.3"
        }
      },
      {
        "package": "Valet",
        "repositoryURL": "https://github.com/square/Valet",
        "state": {
          "branch": null,
          "revision": "c9e7a1e5e0cb73f07cafb403c53c4922e22e5357",
          "version": "4.1.1"
        }
      }
    ]
  },
  "version": 1
}
